
Microsoft Visual Studio Solution File, Format Version 12.00
# Visual Studio Version 16
VisualStudioVersion = 16.0.32602.291
MinimumVisualStudioVersion = 10.0.40219.1
Project("{FAE04EC0-301F-11D3-BF4B-00C04F79EFBC}") = "Stock", "Stock.csproj", "{29F64EDA-142C-4C58-B07F-B2701F0B693C}"
EndProject
Global
	GlobalSection(SolutionConfigurationPlatforms) = preSolution
		Debug|Any CPU = Debug|Any CPU
		Release|Any CPU = Release|Any CPU
	EndGlobalSection
	GlobalSection(ProjectConfigurationPlatforms) = postSolution
		{29F64EDA-142C-4C58-B07F-B2701F0B693C}.Debug|Any CPU.ActiveCfg = Debug|Any CPU
		{29F64EDA-142C-4C58-B07F-B2701F0B693C}.Debug|Any CPU.Build.0 = Debug|Any CPU
		{29F64EDA-142C-4C58-B07F-B2701F0B693C}.Release|Any CPU.ActiveCfg = Release|Any CPU
		{29F64EDA-142C-4C58-B07F-B2701F0B693C}.Release|Any CPU.Build.0 = Release|Any CPU
	EndGlobalSection
	GlobalSection(SolutionProperties) = preSolution
		HideSolutionNode = FALSE
	EndGlobalSection
	GlobalSection(ExtensibilityGlobals) = postSolution
		SolutionGuid = {0083B0A2-4B57-4C04-BA15-EF62B9E6C9A8}
	EndGlobalSection
EndGlobal
